
Microsoft Visual Studio Solution File, Format Version 12.00
# Visual Studio Version 17
VisualStudioVersion = 17.7.34202.233
MinimumVisualStudioVersion = 10.0.40219.1
Project("{888888A0-9F3D-457C-B088-3A5042F75D52}") = "generate_v1.2", "generate_v1.2.pyproj", "{29D563EF-6A4E-43AD-BE36-BDD62B44DDA5}"
EndProject
Global
	GlobalSection(SolutionConfigurationPlatforms) = preSolution
		Debug|Any CPU = Debug|Any CPU
		Release|Any CPU = Release|Any CPU
	EndGlobalSection
	GlobalSection(ProjectConfigurationPlatforms) = postSolution
		{29D563EF-6A4E-43AD-BE36-BDD62B44DDA5}.Debug|Any CPU.ActiveCfg = Debug|Any CPU
		{29D563EF-6A4E-43AD-BE36-BDD62B44DDA5}.Release|Any CPU.ActiveCfg = Release|Any CPU
	EndGlobalSection
	GlobalSection(SolutionProperties) = preSolution
		HideSolutionNode = FALSE
	EndGlobalSection
	GlobalSection(ExtensibilityGlobals) = postSolution
		SolutionGuid = {C4950AF3-4894-4295-AC40-50D990DE5967}
	EndGlobalSection
EndGlobal
